schema: '2.0'
stages:
  load_data:
    cmd: python src/load_data.py --config=params.yaml
    deps:
    - path: data_given/winequality.csv
      md5: ccc8d3507eb151f53f760d36abdef888
      size: 91998
    - path: src/get_data.py
      md5: b5a216f87717cca651dc46a8614b87c6
      size: 658
    - path: src/load_data.py
      md5: 8d1d896453e446558c737d526ad4aa1a
      size: 646
    outs:
    - path: data/raw/winequality.csv
      md5: dcb9f7736a81b73cf4cf803b5ef3f07e
      size: 100950
  split_data:
    cmd: python src/split_data.py --config=params.yaml
    deps:
    - path: data/raw/winequality.csv
      md5: dcb9f7736a81b73cf4cf803b5ef3f07e
      size: 100950
    - path: src/split_data.py
      md5: 442a166ed688f3733fb7095ca12a0f78
      size: 1062
    outs:
    - path: data/processed/test_winequality.csv
      md5: 5787b15b8bb42aa53b817010d433f041
      size: 19101
    - path: data/processed/train_winequality.csv
      md5: e320178d92172ce1a1cbcbe92e6bdfa1
      size: 76065
  train_and_evaluate:
    cmd: python src/train_and_evaluate.py --config=params.yaml
    deps:
    - path: data/processed/test_winequality.csv
      md5: 5787b15b8bb42aa53b817010d433f041
      size: 19101
    - path: data/processed/train_winequality.csv
      md5: e320178d92172ce1a1cbcbe92e6bdfa1
      size: 76065
    - path: src/train_and_evaluate.py
      md5: a598db8c43fa2f9b84555d791781d159
      size: 3682
    params:
      params.yaml:
        estimators.ElasticNet.params.alpha: 0.91
        estimators.ElasticNet.params.l1_ratio: 0.78
  log_production_model:
    cmd: python src/log_production_model.py --config=params.yaml
    deps:
    - path: src/log_production_model.py
      md5: bdc4d6e4defbce8278d14117eb55ba71
      size: 1715
